// !$*UTF8*$!
{
	archiveVersion = 1;
	classes = {
	};
	objectVersion = 56;
	objects = {

/* Begin PBXBuildFile section */
		1069107B2B29E51C00A0BDAD /* TravelGuideApp.swift in Sources */ = {isa = PBXBuildFile; fileRef = 1069107A2B29E51C00A0BDAD /* TravelGuideApp.swift */; };
		1069107F2B29E51C00A0BDAD /* Assets.xcassets in Resources */ = {isa = PBXBuildFile; fileRef = 1069107E2B29E51C00A0BDAD /* Assets.xcassets */; };
		106910822B29E51C00A0BDAD /* Preview Assets.xcassets in Resources */ = {isa = PBXBuildFile; fileRef = 106910812B29E51C00A0BDAD /* Preview Assets.xcassets */; };
		1069108D2B29E56700A0BDAD /* MainScreenView.swift in Sources */ = {isa = PBXBuildFile; fileRef = 1069108C2B29E56700A0BDAD /* MainScreenView.swift */; };
		106910902B29EB9100A0BDAD /* NetworkManager in Frameworks */ = {isa = PBXBuildFile; productRef = 1069108F2B29EB9100A0BDAD /* NetworkManager */; };
		106910922B29EBFB00A0BDAD /* MainScreenViewModel.swift in Sources */ = {isa = PBXBuildFile; fileRef = 106910912B29EBFB00A0BDAD /* MainScreenViewModel.swift */; };
		106910952B29ECF900A0BDAD /* TravelDestinationView.swift in Sources */ = {isa = PBXBuildFile; fileRef = 106910942B29ECF900A0BDAD /* TravelDestinationView.swift */; };
		106910972B29F21800A0BDAD /* TravelDestination.swift in Sources */ = {isa = PBXBuildFile; fileRef = 106910962B29F21800A0BDAD /* TravelDestination.swift */; };
		106910992B2A018500A0BDAD /* DestinationDetailsView.swift in Sources */ = {isa = PBXBuildFile; fileRef = 106910982B2A018500A0BDAD /* DestinationDetailsView.swift */; };
		1069109B2B2A173300A0BDAD /* TransportView.swift in Sources */ = {isa = PBXBuildFile; fileRef = 1069109A2B2A173300A0BDAD /* TransportView.swift */; };
		1069109D2B2A182100A0BDAD /* TransportDetailsView.swift in Sources */ = {isa = PBXBuildFile; fileRef = 1069109C2B2A182100A0BDAD /* TransportDetailsView.swift */; };
		1069109F2B2A1C5600A0BDAD /* MustSeeView.swift in Sources */ = {isa = PBXBuildFile; fileRef = 1069109E2B2A1C5600A0BDAD /* MustSeeView.swift */; };
		106910A12B2A1C6A00A0BDAD /* MustSeeDetailsView.swift in Sources */ = {isa = PBXBuildFile; fileRef = 106910A02B2A1C6A00A0BDAD /* MustSeeDetailsView.swift */; };
		106910A32B2A201500A0BDAD /* HotelsView.swift in Sources */ = {isa = PBXBuildFile; fileRef = 106910A22B2A201500A0BDAD /* HotelsView.swift */; };
		106910A52B2A202300A0BDAD /* HotelDetailsView.swift in Sources */ = {isa = PBXBuildFile; fileRef = 106910A42B2A202300A0BDAD /* HotelDetailsView.swift */; };
		106910A72B2A219800A0BDAD /* goToMainScreenButton.swift in Sources */ = {isa = PBXBuildFile; fileRef = 106910A62B2A219800A0BDAD /* goToMainScreenButton.swift */; };
/* End PBXBuildFile section */

/* Begin PBXFileReference section */
		106910772B29E51C00A0BDAD /* TravelGuide.app */ = {isa = PBXFileReference; explicitFileType = wrapper.application; includeInIndex = 0; path = TravelGuide.app; sourceTree = BUILT_PRODUCTS_DIR; };
		1069107A2B29E51C00A0BDAD /* TravelGuideApp.swift */ = {isa = PBXFileReference; lastKnownFileType = sourcecode.swift; path = TravelGuideApp.swift; sourceTree = "<group>"; };
		1069107E2B29E51C00A0BDAD /* Assets.xcassets */ = {isa = PBXFileReference; lastKnownFileType = folder.assetcatalog; path = Assets.xcassets; sourceTree = "<group>"; };
		106910812B29E51C00A0BDAD /* Preview Assets.xcassets */ = {isa = PBXFileReference; lastKnownFileType = folder.assetcatalog; path = "Preview Assets.xcassets"; sourceTree = "<group>"; };
		1069108C2B29E56700A0BDAD /* MainScreenView.swift */ = {isa = PBXFileReference; lastKnownFileType = sourcecode.swift; path = MainScreenView.swift; sourceTree = "<group>"; };
		106910912B29EBFB00A0BDAD /* MainScreenViewModel.swift */ = {isa = PBXFileReference; lastKnownFileType = sourcecode.swift; path = MainScreenViewModel.swift; sourceTree = "<group>"; };
		106910942B29ECF900A0BDAD /* TravelDestinationView.swift */ = {isa = PBXFileReference; lastKnownFileType = sourcecode.swift; path = TravelDestinationView.swift; sourceTree = "<group>"; };
		106910962B29F21800A0BDAD /* TravelDestination.swift */ = {isa = PBXFileReference; lastKnownFileType = sourcecode.swift; path = TravelDestination.swift; sourceTree = "<group>"; };
		106910982B2A018500A0BDAD /* DestinationDetailsView.swift */ = {isa = PBXFileReference; lastKnownFileType = sourcecode.swift; path = DestinationDetailsView.swift; sourceTree = "<group>"; };
		1069109A2B2A173300A0BDAD /* TransportView.swift */ = {isa = PBXFileReference; lastKnownFileType = sourcecode.swift; path = TransportView.swift; sourceTree = "<group>"; };
		1069109C2B2A182100A0BDAD /* TransportDetailsView.swift */ = {isa = PBXFileReference; lastKnownFileType = sourcecode.swift; path = TransportDetailsView.swift; sourceTree = "<group>"; };
		1069109E2B2A1C5600A0BDAD /* MustSeeView.swift */ = {isa = PBXFileReference; lastKnownFileType = sourcecode.swift; path = MustSeeView.swift; sourceTree = "<group>"; };
		106910A02B2A1C6A00A0BDAD /* MustSeeDetailsView.swift */ = {isa = PBXFileReference; lastKnownFileType = sourcecode.swift; path = MustSeeDetailsView.swift; sourceTree = "<group>"; };
		106910A22B2A201500A0BDAD /* HotelsView.swift */ = {isa = PBXFileReference; lastKnownFileType = sourcecode.swift; path = HotelsView.swift; sourceTree = "<group>"; };
		106910A42B2A202300A0BDAD /* HotelDetailsView.swift */ = {isa = PBXFileReference; lastKnownFileType = sourcecode.swift; path = HotelDetailsView.swift; sourceTree = "<group>"; };
		106910A62B2A219800A0BDAD /* goToMainScreenButton.swift */ = {isa = PBXFileReference; lastKnownFileType = sourcecode.swift; path = goToMainScreenButton.swift; sourceTree = "<group>"; };
/* End PBXFileReference section */

/* Begin PBXFrameworksBuildPhase section */
		106910742B29E51C00A0BDAD /* Frameworks */ = {
			isa = PBXFrameworksBuildPhase;
			buildActionMask = 2147483647;
			files = (
				106910902B29EB9100A0BDAD /* NetworkManager in Frameworks */,
			);
			runOnlyForDeploymentPostprocessing = 0;
		};
/* End PBXFrameworksBuildPhase section */

/* Begin PBXGroup section */
		1069106E2B29E51C00A0BDAD = {
			isa = PBXGroup;
			children = (
				106910792B29E51C00A0BDAD /* TravelGuide */,
				106910782B29E51C00A0BDAD /* Products */,
			);
			sourceTree = "<group>";
		};
		106910782B29E51C00A0BDAD /* Products */ = {
			isa = PBXGroup;
			children = (
				106910772B29E51C00A0BDAD /* TravelGuide.app */,
			);
			name = Products;
			sourceTree = "<group>";
		};
		106910792B29E51C00A0BDAD /* TravelGuide */ = {
			isa = PBXGroup;
			children = (
				1069108B2B29E54400A0BDAD /* App */,
				106910882B29E52F00A0BDAD /* Models */,
				106910932B29ECD400A0BDAD /* Components */,
				106910892B29E53500A0BDAD /* Views */,
				1069108A2B29E53C00A0BDAD /* ViewModels */,
				1069107E2B29E51C00A0BDAD /* Assets.xcassets */,
				106910802B29E51C00A0BDAD /* Preview Content */,
			);
			path = TravelGuide;
			sourceTree = "<group>";
		};
		106910802B29E51C00A0BDAD /* Preview Content */ = {
			isa = PBXGroup;
			children = (
				106910812B29E51C00A0BDAD /* Preview Assets.xcassets */,
			);
			path = "Preview Content";
			sourceTree = "<group>";
		};
		106910882B29E52F00A0BDAD /* Models */ = {
			isa = PBXGroup;
			children = (
				106910962B29F21800A0BDAD /* TravelDestination.swift */,
			);
			path = Models;
			sourceTree = "<group>";
		};
		106910892B29E53500A0BDAD /* Views */ = {
			isa = PBXGroup;
			children = (
				1069108C2B29E56700A0BDAD /* MainScreenView.swift */,
				106910982B2A018500A0BDAD /* DestinationDetailsView.swift */,
				1069109A2B2A173300A0BDAD /* TransportView.swift */,
				1069109E2B2A1C5600A0BDAD /* MustSeeView.swift */,
				106910A22B2A201500A0BDAD /* HotelsView.swift */,
			);
			path = Views;
			sourceTree = "<group>";
		};
		1069108A2B29E53C00A0BDAD /* ViewModels */ = {
			isa = PBXGroup;
			children = (
				106910912B29EBFB00A0BDAD /* MainScreenViewModel.swift */,
			);
			path = ViewModels;
			sourceTree = "<group>";
		};
		1069108B2B29E54400A0BDAD /* App */ = {
			isa = PBXGroup;
			children = (
				1069107A2B29E51C00A0BDAD /* TravelGuideApp.swift */,
			);
			path = App;
			sourceTree = "<group>";
		};
		106910932B29ECD400A0BDAD /* Components */ = {
			isa = PBXGroup;
			children = (
				106910942B29ECF900A0BDAD /* TravelDestinationView.swift */,
				1069109C2B2A182100A0BDAD /* TransportDetailsView.swift */,
				106910A02B2A1C6A00A0BDAD /* MustSeeDetailsView.swift */,
				106910A42B2A202300A0BDAD /* HotelDetailsView.swift */,
				106910A62B2A219800A0BDAD /* goToMainScreenButton.swift */,
			);
			path = Components;
			sourceTree = "<group>";
		};
/* End PBXGroup section */

/* Begin PBXNativeTarget section */
		106910762B29E51C00A0BDAD /* TravelGuide */ = {
			isa = PBXNativeTarget;
			buildConfigurationList = 106910852B29E51C00A0BDAD /* Build configuration list for PBXNativeTarget "TravelGuide" */;
			buildPhases = (
				106910732B29E51C00A0BDAD /* Sources */,
				106910742B29E51C00A0BDAD /* Frameworks */,
				106910752B29E51C00A0BDAD /* Resources */,
			);
			buildRules = (
			);
			dependencies = (
			);
			name = TravelGuide;
			packageProductDependencies = (
				1069108F2B29EB9100A0BDAD /* NetworkManager */,
			);
			productName = TravelGuide;
			productReference = 106910772B29E51C00A0BDAD /* TravelGuide.app */;
			productType = "com.apple.product-type.application";
		};
/* End PBXNativeTarget section */

/* Begin PBXProject section */
		1069106F2B29E51C00A0BDAD /* Project object */ = {
			isa = PBXProject;
			attributes = {
				BuildIndependentTargetsInParallel = 1;
				LastSwiftUpdateCheck = 1500;
				LastUpgradeCheck = 1500;
				TargetAttributes = {
					106910762B29E51C00A0BDAD = {
						CreatedOnToolsVersion = 15.0.1;
					};
				};
			};
			buildConfigurationList = 106910722B29E51C00A0BDAD /* Build configuration list for PBXProject "TravelGuide" */;
			compatibilityVersion = "Xcode 14.0";
			developmentRegion = en;
			hasScannedForEncodings = 0;
			knownRegions = (
				en,
				Base,
			);
			mainGroup = 1069106E2B29E51C00A0BDAD;
			packageReferences = (
				1069108E2B29EB9100A0BDAD /* XCRemoteSwiftPackageReference "NetworkManager" */,
			);
			productRefGroup = 106910782B29E51C00A0BDAD /* Products */;
			projectDirPath = "";
			projectRoot = "";
			targets = (
				106910762B29E51C00A0BDAD /* TravelGuide */,
			);
		};
/* End PBXProject section */

/* Begin PBXResourcesBuildPhase section */
		106910752B29E51C00A0BDAD /* Resources */ = {
			isa = PBXResourcesBuildPhase;
			buildActionMask = 2147483647;
			files = (
				106910822B29E51C00A0BDAD /* Preview Assets.xcassets in Resources */,
				1069107F2B29E51C00A0BDAD /* Assets.xcassets in Resources */,
			);
			runOnlyForDeploymentPostprocessing = 0;
		};
/* End PBXResourcesBuildPhase section */

/* Begin PBXSourcesBuildPhase section */
		106910732B29E51C00A0BDAD /* Sources */ = {
			isa = PBXSourcesBuildPhase;
			buildActionMask = 2147483647;
			files = (
				106910A12B2A1C6A00A0BDAD /* MustSeeDetailsView.swift in Sources */,
				1069108D2B29E56700A0BDAD /* MainScreenView.swift in Sources */,
				1069109B2B2A173300A0BDAD /* TransportView.swift in Sources */,
				106910A32B2A201500A0BDAD /* HotelsView.swift in Sources */,
				106910952B29ECF900A0BDAD /* TravelDestinationView.swift in Sources */,
				1069109D2B2A182100A0BDAD /* TransportDetailsView.swift in Sources */,
				106910A52B2A202300A0BDAD /* HotelDetailsView.swift in Sources */,
				1069107B2B29E51C00A0BDAD /* TravelGuideApp.swift in Sources */,
				106910972B29F21800A0BDAD /* TravelDestination.swift in Sources */,
				106910992B2A018500A0BDAD /* DestinationDetailsView.swift in Sources */,
				106910922B29EBFB00A0BDAD /* MainScreenViewModel.swift in Sources */,
				1069109F2B2A1C5600A0BDAD /* MustSeeView.swift in Sources */,
				106910A72B2A219800A0BDAD /* goToMainScreenButton.swift in Sources */,
			);
			runOnlyForDeploymentPostprocessing = 0;
		};
/* End PBXSourcesBuildPhase section */

/* Begin XCBuildConfiguration section */
		106910832B29E51C00A0BDAD /* Debug */ = {
			isa = XCBuildConfiguration;
			buildSettings = {
				ALWAYS_SEARCH_USER_PATHS = NO;
				ASSETCATALOG_COMPILER_GENERATE_SWIFT_ASSET_SYMBOL_EXTENSIONS = YES;
				CLANG_ANALYZER_NONNULL = YES;
				CLANG_ANALYZER_NUMBER_OBJECT_CONVERSION = YES_AGGRESSIVE;
				CLANG_CXX_LANGUAGE_STANDARD = "gnu++20";
				CLANG_ENABLE_MODULES = YES;
				CLANG_ENABLE_OBJC_ARC = YES;
				CLANG_ENABLE_OBJC_WEAK = YES;
				CLANG_WARN_BLOCK_CAPTURE_AUTORELEASING = YES;
				CLANG_WARN_BOOL_CONVERSION = YES;
				CLANG_WARN_COMMA = YES;
				CLANG_WARN_CONSTANT_CONVERSION = YES;
				CLANG_WARN_DEPRECATED_OBJC_IMPLEMENTATIONS = YES;
				CLANG_WARN_DIRECT_OBJC_ISA_USAGE = YES_ERROR;
				CLANG_WARN_DOCUMENTATION_COMMENTS = YES;
				CLANG_WARN_EMPTY_BODY = YES;
				CLANG_WARN_ENUM_CONVERSION = YES;
				CLANG_WARN_INFINITE_RECURSION = YES;
				CLANG_WARN_INT_CONVERSION = YES;
				CLANG_WARN_NON_LITERAL_NULL_CONVERSION = YES;
				CLANG_WARN_OBJC_IMPLICIT_RETAIN_SELF = YES;
				CLANG_WARN_OBJC_LITERAL_CONVERSION = YES;
				CLANG_WARN_OBJC_ROOT_CLASS = YES_ERROR;
				CLANG_WARN_QUOTED_INCLUDE_IN_FRAMEWORK_HEADER = YES;
				CLANG_WARN_RANGE_LOOP_ANALYSIS = YES;
				CLANG_WARN_STRICT_PROTOTYPES = YES;
				CLANG_WARN_SUSPICIOUS_MOVE = YES;
				CLANG_WARN_UNGUARDED_AVAILABILITY = YES_AGGRESSIVE;
				CLANG_WARN_UNREACHABLE_CODE = YES;
				CLANG_WARN__DUPLICATE_METHOD_MATCH = YES;
				COPY_PHASE_STRIP = NO;
				DEBUG_INFORMATION_FORMAT = dwarf;
				ENABLE_STRICT_OBJC_MSGSEND = YES;
				ENABLE_TESTABILITY = YES;
				ENABLE_USER_SCRIPT_SANDBOXING = YES;
				GCC_C_LANGUAGE_STANDARD = gnu17;
				GCC_DYNAMIC_NO_PIC = NO;
				GCC_NO_COMMON_BLOCKS = YES;
				GCC_OPTIMIZATION_LEVEL = 0;
				GCC_PREPROCESSOR_DEFINITIONS = (
					"DEBUG=1",
					"$(inherited)",
				);
				GCC_WARN_64_TO_32_BIT_CONVERSION = YES;
				GCC_WARN_ABOUT_RETURN_TYPE = YES_ERROR;
				GCC_WARN_UNDECLARED_SELECTOR = YES;
				GCC_WARN_UNINITIALIZED_AUTOS = YES_AGGRESSIVE;
				GCC_WARN_UNUSED_FUNCTION = YES;
				GCC_WARN_UNUSED_VARIABLE = YES;
				IPHONEOS_DEPLOYMENT_TARGET = 17.0;
				LOCALIZATION_PREFERS_STRING_CATALOGS = YES;
				MTL_ENABLE_DEBUG_INFO = INCLUDE_SOURCE;
				MTL_FAST_MATH = YES;
				ONLY_ACTIVE_ARCH = YES;
				SDKROOT = iphoneos;
				SWIFT_ACTIVE_COMPILATION_CONDITIONS = "DEBUG $(inherited)";
				SWIFT_OPTIMIZATION_LEVEL = "-Onone";
			};
			name = Debug;
		};
		106910842B29E51C00A0BDAD /* Release */ = {
			isa = XCBuildConfiguration;
			buildSettings = {
				ALWAYS_SEARCH_USER_PATHS = NO;
				ASSETCATALOG_COMPILER_GENERATE_SWIFT_ASSET_SYMBOL_EXTENSIONS = YES;
				CLANG_ANALYZER_NONNULL = YES;
				CLANG_ANALYZER_NUMBER_OBJECT_CONVERSION = YES_AGGRESSIVE;
				CLANG_CXX_LANGUAGE_STANDARD = "gnu++20";
				CLANG_ENABLE_MODULES = YES;
				CLANG_ENABLE_OBJC_ARC = YES;
				CLANG_ENABLE_OBJC_WEAK = YES;
				CLANG_WARN_BLOCK_CAPTURE_AUTORELEASING = YES;
				CLANG_WARN_BOOL_CONVERSION = YES;
				CLANG_WARN_COMMA = YES;
				CLANG_WARN_CONSTANT_CONVERSION = YES;
				CLANG_WARN_DEPRECATED_OBJC_IMPLEMENTATIONS = YES;
				CLANG_WARN_DIRECT_OBJC_ISA_USAGE = YES_ERROR;
				CLANG_WARN_DOCUMENTATION_COMMENTS = YES;
				CLANG_WARN_EMPTY_BODY = YES;
				CLANG_WARN_ENUM_CONVERSION = YES;
				CLANG_WARN_INFINITE_RECURSION = YES;
				CLANG_WARN_INT_CONVERSION = YES;
				CLANG_WARN_NON_LITERAL_NULL_CONVERSION = YES;
				CLANG_WARN_OBJC_IMPLICIT_RETAIN_SELF = YES;
				CLANG_WARN_OBJC_LITERAL_CONVERSION = YES;
				CLANG_WARN_OBJC_ROOT_CLASS = YES_ERROR;
				CLANG_WARN_QUOTED_INCLUDE_IN_FRAMEWORK_HEADER = YES;
				CLANG_WARN_RANGE_LOOP_ANALYSIS = YES;
				CLANG_WARN_STRICT_PROTOTYPES = YES;
				CLANG_WARN_SUSPICIOUS_MOVE = YES;
				CLANG_WARN_UNGUARDED_AVAILABILITY = YES_AGGRESSIVE;
				CLANG_WARN_UNREACHABLE_CODE = YES;
				CLANG_WARN__DUPLICATE_METHOD_MATCH = YES;
				COPY_PHASE_STRIP = NO;
				DEBUG_INFORMATION_FORMAT = "dwarf-with-dsym";
				ENABLE_NS_ASSERTIONS = NO;
				ENABLE_STRICT_OBJC_MSGSEND = YES;
				ENABLE_USER_SCRIPT_SANDBOXING = YES;
				GCC_C_LANGUAGE_STANDARD = gnu17;
				GCC_NO_COMMON_BLOCKS = YES;
				GCC_WARN_64_TO_32_BIT_CONVERSION = YES;
				GCC_WARN_ABOUT_RETURN_TYPE = YES_ERROR;
				GCC_WARN_UNDECLARED_SELECTOR = YES;
				GCC_WARN_UNINITIALIZED_AUTOS = YES_AGGRESSIVE;
				GCC_WARN_UNUSED_FUNCTION = YES;
				GCC_WARN_UNUSED_VARIABLE = YES;
				IPHONEOS_DEPLOYMENT_TARGET = 17.0;
				LOCALIZATION_PREFERS_STRING_CATALOGS = YES;
				MTL_ENABLE_DEBUG_INFO = NO;
				MTL_FAST_MATH = YES;
				SDKROOT = iphoneos;
				SWIFT_COMPILATION_MODE = wholemodule;
				VALIDATE_PRODUCT = YES;
			};
			name = Release;
		};
		106910862B29E51C00A0BDAD /* Debug */ = {
			isa = XCBuildConfiguration;
			buildSettings = {
				ASSETCATALOG_COMPILER_APPICON_NAME = AppIcon;
				ASSETCATALOG_COMPILER_GLOBAL_ACCENT_COLOR_NAME = AccentColor;
				CODE_SIGN_STYLE = Automatic;
				CURRENT_PROJECT_VERSION = 1;
				DEVELOPMENT_ASSET_PATHS = "\"TravelGuide/Preview Content\"";
				DEVELOPMENT_TEAM = 87CWSKX54K;
				ENABLE_PREVIEWS = YES;
				GENERATE_INFOPLIST_FILE = YES;
				INFOPLIST_KEY_UIApplicationSceneManifest_Generation = YES;
				INFOPLIST_KEY_UIApplicationSupportsIndirectInputEvents = YES;
				INFOPLIST_KEY_UILaunchScreen_Generation = YES;
				INFOPLIST_KEY_UISupportedInterfaceOrientations_iPad = "UIInterfaceOrientationPortrait UIInterfaceOrientationPortraitUpsideDown UIInterfaceOrientationLandscapeLeft UIInterfaceOrientationLandscapeRight";
				INFOPLIST_KEY_UISupportedInterfaceOrientations_iPhone = "UIInterfaceOrientationPortrait UIInterfaceOrientationLandscapeLeft UIInterfaceOrientationLandscapeRight";
				LD_RUNPATH_SEARCH_PATHS = (
					"$(inherited)",
					"@executable_path/Frameworks",
				);
				MARKETING_VERSION = 1.0;
				PRODUCT_BUNDLE_IDENTIFIER = com.andria.TravelGuide;
				PRODUCT_NAME = "$(TARGET_NAME)";
				SWIFT_EMIT_LOC_STRINGS = YES;
				SWIFT_VERSION = 5.0;
				TARGETED_DEVICE_FAMILY = "1,2";
			};
			name = Debug;
		};
		106910872B29E51C00A0BDAD /* Release */ = {
			isa = XCBuildConfiguration;
			buildSettings = {
				ASSETCATALOG_COMPILER_APPICON_NAME = AppIcon;
				ASSETCATALOG_COMPILER_GLOBAL_ACCENT_COLOR_NAME = AccentColor;
				CODE_SIGN_STYLE = Automatic;
				CURRENT_PROJECT_VERSION = 1;
				DEVELOPMENT_ASSET_PATHS = "\"TravelGuide/Preview Content\"";
				DEVELOPMENT_TEAM = 87CWSKX54K;
				ENABLE_PREVIEWS = YES;
				GENERATE_INFOPLIST_FILE = YES;
				INFOPLIST_KEY_UIApplicationSceneManifest_Generation = YES;
				INFOPLIST_KEY_UIApplicationSupportsIndirectInputEvents = YES;
				INFOPLIST_KEY_UILaunchScreen_Generation = YES;
				INFOPLIST_KEY_UISupportedInterfaceOrientations_iPad = "UIInterfaceOrientationPortrait UIInterfaceOrientationPortraitUpsideDown UIInterfaceOrientationLandscapeLeft UIInterfaceOrientationLandscapeRight";
				INFOPLIST_KEY_UISupportedInterfaceOrientations_iPhone = "UIInterfaceOrientationPortrait UIInterfaceOrientationLandscapeLeft UIInterfaceOrientationLandscapeRight";
				LD_RUNPATH_SEARCH_PATHS = (
					"$(inherited)",
					"@executable_path/Frameworks",
				);
				MARKETING_VERSION = 1.0;
				PRODUCT_BUNDLE_IDENTIFIER = com.andria.TravelGuide;
				PRODUCT_NAME = "$(TARGET_NAME)";
				SWIFT_EMIT_LOC_STRINGS = YES;
				SWIFT_VERSION = 5.0;
				TARGETED_DEVICE_FAMILY = "1,2";
			};
			name = Release;
		};
/* End XCBuildConfiguration section */

/* Begin XCConfigurationList section */
		106910722B29E51C00A0BDAD /* Build configuration list for PBXProject "TravelGuide" */ = {
			isa = XCConfigurationList;
			buildConfigurations = (
				106910832B29E51C00A0BDAD /* Debug */,
				106910842B29E51C00A0BDAD /* Release */,
			);
			defaultConfigurationIsVisible = 0;
			defaultConfigurationName = Release;
		};
		106910852B29E51C00A0BDAD /* Build configuration list for PBXNativeTarget "TravelGuide" */ = {
			isa = XCConfigurationList;
			buildConfigurations = (
				106910862B29E51C00A0BDAD /* Debug */,
				106910872B29E51C00A0BDAD /* Release */,
			);
			defaultConfigurationIsVisible = 0;
			defaultConfigurationName = Release;
		};
/* End XCConfigurationList section */

/* Begin XCRemoteSwiftPackageReference section */
		1069108E2B29EB9100A0BDAD /* XCRemoteSwiftPackageReference "NetworkManager" */ = {
			isa = XCRemoteSwiftPackageReference;
			repositoryURL = "https://github.com/Andria35/NetworkManager.git";
			requirement = {
				branch = main;
				kind = branch;
			};
		};
/* End XCRemoteSwiftPackageReference section */

/* Begin XCSwiftPackageProductDependency section */
		1069108F2B29EB9100A0BDAD /* NetworkManager */ = {
			isa = XCSwiftPackageProductDependency;
			package = 1069108E2B29EB9100A0BDAD /* XCRemoteSwiftPackageReference "NetworkManager" */;
			productName = NetworkManager;
		};
/* End XCSwiftPackageProductDependency section */
	};
	rootObject = 1069106F2B29E51C00A0BDAD /* Project object */;
}
